
Microsoft Visual Studio Solution File, Format Version 12.00
# Visual Studio Version 17
VisualStudioVersion = 17.8.34330.188
MinimumVisualStudioVersion = 10.0.40219.1
Project("{9A19103F-16F7-4668-BE54-9A1E7A4F7556}") = "starwars", "starwars\starwars.csproj", "{87299033-19C5-442A-B8C5-327B9A998605}"
EndProject
Project("{FAE04EC0-301F-11D3-BF4B-00C04F79EFBC}") = "StarWarsUI", "StarWarsUI\StarWarsUI.csproj", "{5BEFC638-BF0B-4E32-A0D0-0FBB90DD00B1}"
EndProject
Global
	GlobalSection(SolutionConfigurationPlatforms) = preSolution
		Debug|Any CPU = Debug|Any CPU
		Release|Any CPU = Release|Any CPU
	EndGlobalSection
	GlobalSection(ProjectConfigurationPlatforms) = postSolution
		{87299033-19C5-442A-B8C5-327B9A998605}.Debug|Any CPU.ActiveCfg = Debug|Any CPU
		{87299033-19C5-442A-B8C5-327B9A998605}.Debug|Any CPU.Build.0 = Debug|Any CPU
		{87299033-19C5-442A-B8C5-327B9A998605}.Release|Any CPU.ActiveCfg = Release|Any CPU
		{87299033-19C5-442A-B8C5-327B9A998605}.Release|Any CPU.Build.0 = Release|Any CPU
		{5BEFC638-BF0B-4E32-A0D0-0FBB90DD00B1}.Debug|Any CPU.ActiveCfg = Debug|Any CPU
		{5BEFC638-BF0B-4E32-A0D0-0FBB90DD00B1}.Debug|Any CPU.Build.0 = Debug|Any CPU
		{5BEFC638-BF0B-4E32-A0D0-0FBB90DD00B1}.Release|Any CPU.ActiveCfg = Release|Any CPU
		{5BEFC638-BF0B-4E32-A0D0-0FBB90DD00B1}.Release|Any CPU.Build.0 = Release|Any CPU
	EndGlobalSection
	GlobalSection(SolutionProperties) = preSolution
		HideSolutionNode = FALSE
	EndGlobalSection
	GlobalSection(ExtensibilityGlobals) = postSolution
		SolutionGuid = {40F1917C-8B12-449E-8DB9-9CA821BAE59C}
	EndGlobalSection
EndGlobal
